{
  "version": 4,
  "terraform_version": "1.0.10",
  "serial": 31,
  "lineage": "d749cd43-3d5e-96ae-a01e-0781e8824314",
  "outputs": {
    "external_ip_address_node01": {
      "value": "51.250.1.117",
      "type": "string"
    },
    "external_ip_address_node02": {
      "value": "51.250.7.219",
      "type": "string"
    },
    "external_ip_address_node03": {
      "value": "51.250.2.80",
      "type": "string"
    },
    "external_ip_address_node04": {
      "value": "51.250.1.213",
      "type": "string"
    },
    "external_ip_address_node05": {
      "value": "51.250.10.146",
      "type": "string"
    },
    "external_ip_address_node06": {
      "value": "51.250.10.33",
      "type": "string"
    },
    "internal_ip_address_node01": {
      "value": "192.168.101.11",
      "type": "string"
    },
    "internal_ip_address_node02": {
      "value": "192.168.101.12",
      "type": "string"
    },
    "internal_ip_address_node03": {
      "value": "192.168.101.13",
      "type": "string"
    },
    "internal_ip_address_node04": {
      "value": "192.168.101.14",
      "type": "string"
    },
    "internal_ip_address_node05": {
      "value": "192.168.101.15",
      "type": "string"
    },
    "internal_ip_address_node06": {
      "value": "192.168.101.16",
      "type": "string"
    }
  },
  "resources": [
    {
      "mode": "managed",
      "type": "local_file",
      "name": "inventory",
      "provider": "provider[\"registry.terraform.io/hashicorp/local\"]",
      "instances": [
        {
          "schema_version": 0,
          "attributes": {
            "content": "# Ansible inventory containing variable values from Terraform.\r\n# Generated by Terraform.\r\n\r\n[nodes:children]\r\nmanagers\r\nworkers\r\n\r\n[managers:children]\r\nactive\r\nstandby\r\n\r\n[active]\r\nnode01.netology.yc ansible_host=51.250.1.117\r\n\r\n[standby]\r\nnode02.netology.yc ansible_host=51.250.7.219\r\nnode03.netology.yc ansible_host=51.250.2.80\r\n\r\n[workers]\r\nnode04.netology.yc ansible_host=51.250.1.213\r\nnode05.netology.yc ansible_host=51.250.10.146\r\nnode06.netology.yc ansible_host=51.250.10.33\r\n",
            "content_base64": null,
            "directory_permission": "0777",
            "file_permission": "0777",
            "filename": "../ansible/inventory",
            "id": "d50044f91d6e8d782b2c7abbe0b839c813829a7b",
            "sensitive_content": null,
            "source": null
          },
          "sensitive_attributes": [],
          "private": "bnVsbA==",
          "dependencies": [
            "yandex_compute_instance.node01",
            "yandex_compute_instance.node02",
            "yandex_compute_instance.node03",
            "yandex_compute_instance.node04",
            "yandex_compute_instance.node05",
            "yandex_compute_instance.node06",
            "yandex_vpc_subnet.default"
          ]
        }
      ]
    },
    {
      "mode": "managed",
      "type": "null_resource",
      "name": "cluster",
      "provider": "provider[\"registry.terraform.io/hashicorp/null\"]",
      "instances": [
        {
          "schema_version": 0,
          "attributes": {
            "id": "1746021945435891871",
            "triggers": null
          },
          "sensitive_attributes": [],
          "private": "bnVsbA==",
          "dependencies": [
            "null_resource.wait"
          ]
        }
      ]
    },
    {
      "mode": "managed",
      "type": "null_resource",
      "name": "monitoring",
      "provider": "provider[\"registry.terraform.io/hashicorp/null\"]",
      "instances": [
        {
          "schema_version": 0,
          "attributes": {
            "id": "595837560825710329",
            "triggers": null
          },
          "sensitive_attributes": [],
          "private": "bnVsbA==",
          "dependencies": [
            "null_resource.cluster",
            "null_resource.sync",
            "null_resource.wait"
          ]
        }
      ]
    },
    {
      "mode": "managed",
      "type": "null_resource",
      "name": "sync",
      "provider": "provider[\"registry.terraform.io/hashicorp/null\"]",
      "instances": [
        {
          "schema_version": 0,
          "attributes": {
            "id": "3904009890543435943",
            "triggers": null
          },
          "sensitive_attributes": [],
          "private": "bnVsbA==",
          "dependencies": [
            "null_resource.cluster",
            "null_resource.wait"
          ]
        }
      ]
    },
    {
      "mode": "managed",
      "type": "null_resource",
      "name": "wait",
      "provider": "provider[\"registry.terraform.io/hashicorp/null\"]",
      "instances": [
        {
          "schema_version": 0,
          "attributes": {
            "id": "6955383934031307647",
            "triggers": null
          },
          "sensitive_attributes": [],
          "private": "bnVsbA==",
          "dependencies": [
            "local_file.inventory",
            "yandex_compute_instance.node03",
            "yandex_compute_instance.node04",
            "yandex_compute_instance.node05",
            "yandex_vpc_subnet.default",
            "yandex_compute_instance.node01",
            "yandex_compute_instance.node02",
            "yandex_compute_instance.node06",
            "yandex_vpc_network.default"
          ]
        }
      ]
    },
    {
      "mode": "managed",
      "type": "yandex_compute_instance",
      "name": "node01",
      "provider": "provider[\"registry.terraform.io/yandex-cloud/yandex\"]",
      "instances": [
        {
          "schema_version": 1,
          "attributes": {
            "allow_stopping_for_update": true,
            "boot_disk": [
              {
                "auto_delete": true,
                "device_name": "fhm63g8evb85goc73sip",
                "disk_id": "fhm63g8evb85goc73sip",
                "initialize_params": [
                  {
                    "description": "",
                    "image_id": "fd8sjfldafiup3e6sesm",
                    "name": "root-node01",
                    "size": 10,
                    "snapshot_id": "",
                    "type": "network-ssd"
                  }
                ],
                "mode": "READ_WRITE"
              }
            ],
            "created_at": "2021-11-14T11:38:10Z",
            "description": "",
            "folder_id": "b1g7g8g6eaouqplslrpf",
            "fqdn": "node01.netology.yc",
            "hostname": "node01",
            "id": "fhms8p5obi0aq16na7hm",
            "labels": null,
            "metadata": {
              "ssh-keys": "centos:ssh-rsa AAAAB3NzaC1yc2EAAAADAQABAAABgQDDHNbLditzU3L2YdnsnSMnuLVyzi+z6S2ORNtvd8QLwPswFTCVCFDaxuW3EaLU07657m68JhWIKTY7XAmja9MbeixIa09iA/6UgKnabuecwbLeQDOPfbDD2mQ+kxAZyPw/MNP4jN0h4yKOIUwsurh/mr0lIkl/SjrzHEzvgmMdsRhxyG5lsnpL+QzyHYCALtjauXnMWi6cfdxFkXMbnraQHXKvNP75IP8jOwauNWQ+sxc6/F2mBtlIo4UDbBeHRq6gqJrtgsHtDvBNcqlcWmtMO8BkpoJ1S9VTjo5i902FiuI211U0lhYbO/cSykzUVi0z5K6DVRjZ7OEBFcG1lcdUMU/7M4W3Hpz2uO4BC/peGj7oFLGSo4NpXGJT+FWoVyYScIFxwYPb+rcSTvpZNBWdkpfju8C2erGRYua62cHO5bY67XT0DfJzthMhzG6RsGYmM2TmBzaMRf76QxA6wjc19gbyrQlKGveVAPtuIgqLOU1qX5z8G0ut0HPhRKr/IGE= emil@huanan\n"
            },
            "name": "node01",
            "network_acceleration_type": "standard",
            "network_interface": [
              {
                "dns_record": [],
                "index": 0,
                "ip_address": "192.168.101.11",
                "ipv4": true,
                "ipv6": false,
                "ipv6_address": "",
                "ipv6_dns_record": [],
                "mac_address": "d0:0d:1c:46:4b:85",
                "nat": true,
                "nat_dns_record": [],
                "nat_ip_address": "51.250.1.117",
                "nat_ip_version": "IPV4",
                "security_group_ids": [],
                "subnet_id": "e9b8fmqsirionqqvdjqb"
              }
            ],
            "placement_policy": [
              {
                "placement_group_id": ""
              }
            ],
            "platform_id": "standard-v1",
            "resources": [
              {
                "core_fraction": 100,
                "cores": 4,
                "gpus": 0,
                "memory": 8
              }
            ],
            "scheduling_policy": [
              {
                "preemptible": false
              }
            ],
            "secondary_disk": [],
            "service_account_id": "",
            "status": "running",
            "timeouts": null,
            "zone": "ru-central1-a"
          },
          "sensitive_attributes": [],
          "private": "eyJlMmJmYjczMC1lY2FhLTExZTYtOGY4OC0zNDM2M2JjN2M0YzAiOnsiY3JlYXRlIjozMDAwMDAwMDAwMDAsImRlbGV0ZSI6MzAwMDAwMDAwMDAwLCJ1cGRhdGUiOjMwMDAwMDAwMDAwMH0sInNjaGVtYV92ZXJzaW9uIjoiMSJ9",
          "dependencies": [
            "yandex_vpc_subnet.default"
          ]
        }
      ]
    },
    {
      "mode": "managed",
      "type": "yandex_compute_instance",
      "name": "node02",
      "provider": "provider[\"registry.terraform.io/yandex-cloud/yandex\"]",
      "instances": [
        {
          "schema_version": 1,
          "attributes": {
            "allow_stopping_for_update": true,
            "boot_disk": [
              {
                "auto_delete": true,
                "device_name": "fhm8mi9f4fursubmj18d",
                "disk_id": "fhm8mi9f4fursubmj18d",
                "initialize_params": [
                  {
                    "description": "",
                    "image_id": "fd8sjfldafiup3e6sesm",
                    "name": "root-node02",
                    "size": 10,
                    "snapshot_id": "",
                    "type": "network-ssd"
                  }
                ],
                "mode": "READ_WRITE"
              }
            ],
            "created_at": "2021-11-14T11:38:11Z",
            "description": "",
            "folder_id": "b1g7g8g6eaouqplslrpf",
            "fqdn": "node02.netology.yc",
            "hostname": "node02",
            "id": "fhm0tnigibr59d3d8mtq",
            "labels": null,
            "metadata": {
              "ssh-keys": "centos:ssh-rsa AAAAB3NzaC1yc2EAAAADAQABAAABgQDDHNbLditzU3L2YdnsnSMnuLVyzi+z6S2ORNtvd8QLwPswFTCVCFDaxuW3EaLU07657m68JhWIKTY7XAmja9MbeixIa09iA/6UgKnabuecwbLeQDOPfbDD2mQ+kxAZyPw/MNP4jN0h4yKOIUwsurh/mr0lIkl/SjrzHEzvgmMdsRhxyG5lsnpL+QzyHYCALtjauXnMWi6cfdxFkXMbnraQHXKvNP75IP8jOwauNWQ+sxc6/F2mBtlIo4UDbBeHRq6gqJrtgsHtDvBNcqlcWmtMO8BkpoJ1S9VTjo5i902FiuI211U0lhYbO/cSykzUVi0z5K6DVRjZ7OEBFcG1lcdUMU/7M4W3Hpz2uO4BC/peGj7oFLGSo4NpXGJT+FWoVyYScIFxwYPb+rcSTvpZNBWdkpfju8C2erGRYua62cHO5bY67XT0DfJzthMhzG6RsGYmM2TmBzaMRf76QxA6wjc19gbyrQlKGveVAPtuIgqLOU1qX5z8G0ut0HPhRKr/IGE= emil@huanan\n"
            },
            "name": "node02",
            "network_acceleration_type": "standard",
            "network_interface": [
              {
                "dns_record": [],
                "index": 0,
                "ip_address": "192.168.101.12",
                "ipv4": true,
                "ipv6": false,
                "ipv6_address": "",
                "ipv6_dns_record": [],
                "mac_address": "d0:0d:ed:e5:09:2f",
                "nat": true,
                "nat_dns_record": [],
                "nat_ip_address": "51.250.7.219",
                "nat_ip_version": "IPV4",
                "security_group_ids": [],
                "subnet_id": "e9b8fmqsirionqqvdjqb"
              }
            ],
            "placement_policy": [
              {
                "placement_group_id": ""
              }
            ],
            "platform_id": "standard-v1",
            "resources": [
              {
                "core_fraction": 100,
                "cores": 4,
                "gpus": 0,
                "memory": 8
              }
            ],
            "scheduling_policy": [
              {
                "preemptible": false
              }
            ],
            "secondary_disk": [],
            "service_account_id": "",
            "status": "running",
            "timeouts": null,
            "zone": "ru-central1-a"
          },
          "sensitive_attributes": [],
          "private": "eyJlMmJmYjczMC1lY2FhLTExZTYtOGY4OC0zNDM2M2JjN2M0YzAiOnsiY3JlYXRlIjozMDAwMDAwMDAwMDAsImRlbGV0ZSI6MzAwMDAwMDAwMDAwLCJ1cGRhdGUiOjMwMDAwMDAwMDAwMH0sInNjaGVtYV92ZXJzaW9uIjoiMSJ9",
          "dependencies": [
            "yandex_vpc_subnet.default"
          ]
        }
      ]
    },
    {
      "mode": "managed",
      "type": "yandex_compute_instance",
      "name": "node03",
      "provider": "provider[\"registry.terraform.io/yandex-cloud/yandex\"]",
      "instances": [
        {
          "schema_version": 1,
          "attributes": {
            "allow_stopping_for_update": true,
            "boot_disk": [
              {
                "auto_delete": true,
                "device_name": "fhmdp4qjb2vbjr67npr7",
                "disk_id": "fhmdp4qjb2vbjr67npr7",
                "initialize_params": [
                  {
                    "description": "",
                    "image_id": "fd8sjfldafiup3e6sesm",
                    "name": "root-node03",
                    "size": 10,
                    "snapshot_id": "",
                    "type": "network-ssd"
                  }
                ],
                "mode": "READ_WRITE"
              }
            ],
            "created_at": "2021-11-14T11:38:07Z",
            "description": "",
            "folder_id": "b1g7g8g6eaouqplslrpf",
            "fqdn": "node03.netology.yc",
            "hostname": "node03",
            "id": "fhmjlqv8k33anud37cfd",
            "labels": null,
            "metadata": {
              "ssh-keys": "centos:ssh-rsa AAAAB3NzaC1yc2EAAAADAQABAAABgQDDHNbLditzU3L2YdnsnSMnuLVyzi+z6S2ORNtvd8QLwPswFTCVCFDaxuW3EaLU07657m68JhWIKTY7XAmja9MbeixIa09iA/6UgKnabuecwbLeQDOPfbDD2mQ+kxAZyPw/MNP4jN0h4yKOIUwsurh/mr0lIkl/SjrzHEzvgmMdsRhxyG5lsnpL+QzyHYCALtjauXnMWi6cfdxFkXMbnraQHXKvNP75IP8jOwauNWQ+sxc6/F2mBtlIo4UDbBeHRq6gqJrtgsHtDvBNcqlcWmtMO8BkpoJ1S9VTjo5i902FiuI211U0lhYbO/cSykzUVi0z5K6DVRjZ7OEBFcG1lcdUMU/7M4W3Hpz2uO4BC/peGj7oFLGSo4NpXGJT+FWoVyYScIFxwYPb+rcSTvpZNBWdkpfju8C2erGRYua62cHO5bY67XT0DfJzthMhzG6RsGYmM2TmBzaMRf76QxA6wjc19gbyrQlKGveVAPtuIgqLOU1qX5z8G0ut0HPhRKr/IGE= emil@huanan\n"
            },
            "name": "node03",
            "network_acceleration_type": "standard",
            "network_interface": [
              {
                "dns_record": [],
                "index": 0,
                "ip_address": "192.168.101.13",
                "ipv4": true,
                "ipv6": false,
                "ipv6_address": "",
                "ipv6_dns_record": [],
                "mac_address": "d0:0d:13:ae:be:8a",
                "nat": true,
                "nat_dns_record": [],
                "nat_ip_address": "51.250.2.80",
                "nat_ip_version": "IPV4",
                "security_group_ids": [],
                "subnet_id": "e9b8fmqsirionqqvdjqb"
              }
            ],
            "placement_policy": [
              {
                "placement_group_id": ""
              }
            ],
            "platform_id": "standard-v1",
            "resources": [
              {
                "core_fraction": 100,
                "cores": 4,
                "gpus": 0,
                "memory": 8
              }
            ],
            "scheduling_policy": [
              {
                "preemptible": false
              }
            ],
            "secondary_disk": [],
            "service_account_id": "",
            "status": "running",
            "timeouts": null,
            "zone": "ru-central1-a"
          },
          "sensitive_attributes": [],
          "private": "eyJlMmJmYjczMC1lY2FhLTExZTYtOGY4OC0zNDM2M2JjN2M0YzAiOnsiY3JlYXRlIjozMDAwMDAwMDAwMDAsImRlbGV0ZSI6MzAwMDAwMDAwMDAwLCJ1cGRhdGUiOjMwMDAwMDAwMDAwMH0sInNjaGVtYV92ZXJzaW9uIjoiMSJ9",
          "dependencies": [
            "yandex_vpc_subnet.default"
          ]
        }
      ]
    },
    {
      "mode": "managed",
      "type": "yandex_compute_instance",
      "name": "node04",
      "provider": "provider[\"registry.terraform.io/yandex-cloud/yandex\"]",
      "instances": [
        {
          "schema_version": 1,
          "attributes": {
            "allow_stopping_for_update": true,
            "boot_disk": [
              {
                "auto_delete": true,
                "device_name": "fhm0pjthdsh9e30r243a",
                "disk_id": "fhm0pjthdsh9e30r243a",
                "initialize_params": [
                  {
                    "description": "",
                    "image_id": "fd8sjfldafiup3e6sesm",
                    "name": "root-node04",
                    "size": 40,
                    "snapshot_id": "",
                    "type": "network-ssd"
                  }
                ],
                "mode": "READ_WRITE"
              }
            ],
            "created_at": "2021-11-14T11:38:07Z",
            "description": "",
            "folder_id": "b1g7g8g6eaouqplslrpf",
            "fqdn": "node04.netology.yc",
            "hostname": "node04",
            "id": "fhmpunlvj6trst80khqi",
            "labels": null,
            "metadata": {
              "ssh-keys": "centos:ssh-rsa AAAAB3NzaC1yc2EAAAADAQABAAABgQDDHNbLditzU3L2YdnsnSMnuLVyzi+z6S2ORNtvd8QLwPswFTCVCFDaxuW3EaLU07657m68JhWIKTY7XAmja9MbeixIa09iA/6UgKnabuecwbLeQDOPfbDD2mQ+kxAZyPw/MNP4jN0h4yKOIUwsurh/mr0lIkl/SjrzHEzvgmMdsRhxyG5lsnpL+QzyHYCALtjauXnMWi6cfdxFkXMbnraQHXKvNP75IP8jOwauNWQ+sxc6/F2mBtlIo4UDbBeHRq6gqJrtgsHtDvBNcqlcWmtMO8BkpoJ1S9VTjo5i902FiuI211U0lhYbO/cSykzUVi0z5K6DVRjZ7OEBFcG1lcdUMU/7M4W3Hpz2uO4BC/peGj7oFLGSo4NpXGJT+FWoVyYScIFxwYPb+rcSTvpZNBWdkpfju8C2erGRYua62cHO5bY67XT0DfJzthMhzG6RsGYmM2TmBzaMRf76QxA6wjc19gbyrQlKGveVAPtuIgqLOU1qX5z8G0ut0HPhRKr/IGE= emil@huanan\n"
            },
            "name": "node04",
            "network_acceleration_type": "standard",
            "network_interface": [
              {
                "dns_record": [],
                "index": 0,
                "ip_address": "192.168.101.14",
                "ipv4": true,
                "ipv6": false,
                "ipv6_address": "",
                "ipv6_dns_record": [],
                "mac_address": "d0:0d:19:f5:eb:f9",
                "nat": true,
                "nat_dns_record": [],
                "nat_ip_address": "51.250.1.213",
                "nat_ip_version": "IPV4",
                "security_group_ids": [],
                "subnet_id": "e9b8fmqsirionqqvdjqb"
              }
            ],
            "placement_policy": [
              {
                "placement_group_id": ""
              }
            ],
            "platform_id": "standard-v1",
            "resources": [
              {
                "core_fraction": 100,
                "cores": 4,
                "gpus": 0,
                "memory": 8
              }
            ],
            "scheduling_policy": [
              {
                "preemptible": false
              }
            ],
            "secondary_disk": [],
            "service_account_id": "",
            "status": "running",
            "timeouts": null,
            "zone": "ru-central1-a"
          },
          "sensitive_attributes": [],
          "private": "eyJlMmJmYjczMC1lY2FhLTExZTYtOGY4OC0zNDM2M2JjN2M0YzAiOnsiY3JlYXRlIjozMDAwMDAwMDAwMDAsImRlbGV0ZSI6MzAwMDAwMDAwMDAwLCJ1cGRhdGUiOjMwMDAwMDAwMDAwMH0sInNjaGVtYV92ZXJzaW9uIjoiMSJ9",
          "dependencies": [
            "yandex_vpc_subnet.default"
          ]
        }
      ]
    },
    {
      "mode": "managed",
      "type": "yandex_compute_instance",
      "name": "node05",
      "provider": "provider[\"registry.terraform.io/yandex-cloud/yandex\"]",
      "instances": [
        {
          "schema_version": 1,
          "attributes": {
            "allow_stopping_for_update": true,
            "boot_disk": [
              {
                "auto_delete": true,
                "device_name": "fhmc32d88b110om22f2l",
                "disk_id": "fhmc32d88b110om22f2l",
                "initialize_params": [
                  {
                    "description": "",
                    "image_id": "fd8sjfldafiup3e6sesm",
                    "name": "root-node05",
                    "size": 40,
                    "snapshot_id": "",
                    "type": "network-ssd"
                  }
                ],
                "mode": "READ_WRITE"
              }
            ],
            "created_at": "2021-11-14T11:38:07Z",
            "description": "",
            "folder_id": "b1g7g8g6eaouqplslrpf",
            "fqdn": "node05.netology.yc",
            "hostname": "node05",
            "id": "fhmlacv68hqpg050j2q0",
            "labels": null,
            "metadata": {
              "ssh-keys": "centos:ssh-rsa AAAAB3NzaC1yc2EAAAADAQABAAABgQDDHNbLditzU3L2YdnsnSMnuLVyzi+z6S2ORNtvd8QLwPswFTCVCFDaxuW3EaLU07657m68JhWIKTY7XAmja9MbeixIa09iA/6UgKnabuecwbLeQDOPfbDD2mQ+kxAZyPw/MNP4jN0h4yKOIUwsurh/mr0lIkl/SjrzHEzvgmMdsRhxyG5lsnpL+QzyHYCALtjauXnMWi6cfdxFkXMbnraQHXKvNP75IP8jOwauNWQ+sxc6/F2mBtlIo4UDbBeHRq6gqJrtgsHtDvBNcqlcWmtMO8BkpoJ1S9VTjo5i902FiuI211U0lhYbO/cSykzUVi0z5K6DVRjZ7OEBFcG1lcdUMU/7M4W3Hpz2uO4BC/peGj7oFLGSo4NpXGJT+FWoVyYScIFxwYPb+rcSTvpZNBWdkpfju8C2erGRYua62cHO5bY67XT0DfJzthMhzG6RsGYmM2TmBzaMRf76QxA6wjc19gbyrQlKGveVAPtuIgqLOU1qX5z8G0ut0HPhRKr/IGE= emil@huanan\n"
            },
            "name": "node05",
            "network_acceleration_type": "standard",
            "network_interface": [
              {
                "dns_record": [],
                "index": 0,
                "ip_address": "192.168.101.15",
                "ipv4": true,
                "ipv6": false,
                "ipv6_address": "",
                "ipv6_dns_record": [],
                "mac_address": "d0:0d:15:53:3e:64",
                "nat": true,
                "nat_dns_record": [],
                "nat_ip_address": "51.250.10.146",
                "nat_ip_version": "IPV4",
                "security_group_ids": [],
                "subnet_id": "e9b8fmqsirionqqvdjqb"
              }
            ],
            "placement_policy": [
              {
                "placement_group_id": ""
              }
            ],
            "platform_id": "standard-v1",
            "resources": [
              {
                "core_fraction": 100,
                "cores": 4,
                "gpus": 0,
                "memory": 8
              }
            ],
            "scheduling_policy": [
              {
                "preemptible": false
              }
            ],
            "secondary_disk": [],
            "service_account_id": "",
            "status": "running",
            "timeouts": null,
            "zone": "ru-central1-a"
          },
          "sensitive_attributes": [],
          "private": "eyJlMmJmYjczMC1lY2FhLTExZTYtOGY4OC0zNDM2M2JjN2M0YzAiOnsiY3JlYXRlIjozMDAwMDAwMDAwMDAsImRlbGV0ZSI6MzAwMDAwMDAwMDAwLCJ1cGRhdGUiOjMwMDAwMDAwMDAwMH0sInNjaGVtYV92ZXJzaW9uIjoiMSJ9",
          "dependencies": [
            "yandex_vpc_subnet.default"
          ]
        }
      ]
    },
    {
      "mode": "managed",
      "type": "yandex_compute_instance",
      "name": "node06",
      "provider": "provider[\"registry.terraform.io/yandex-cloud/yandex\"]",
      "instances": [
        {
          "schema_version": 1,
          "attributes": {
            "allow_stopping_for_update": true,
            "boot_disk": [
              {
                "auto_delete": true,
                "device_name": "fhmlb1neltk4ot4s20db",
                "disk_id": "fhmlb1neltk4ot4s20db",
                "initialize_params": [
                  {
                    "description": "",
                    "image_id": "fd8sjfldafiup3e6sesm",
                    "name": "root-node06",
                    "size": 40,
                    "snapshot_id": "",
                    "type": "network-ssd"
                  }
                ],
                "mode": "READ_WRITE"
              }
            ],
            "created_at": "2021-11-14T11:38:10Z",
            "description": "",
            "folder_id": "b1g7g8g6eaouqplslrpf",
            "fqdn": "node06.netology.yc",
            "hostname": "node06",
            "id": "fhmg0b3jcp1cmrgmm74k",
            "labels": null,
            "metadata": {
              "ssh-keys": "centos:ssh-rsa AAAAB3NzaC1yc2EAAAADAQABAAABgQDDHNbLditzU3L2YdnsnSMnuLVyzi+z6S2ORNtvd8QLwPswFTCVCFDaxuW3EaLU07657m68JhWIKTY7XAmja9MbeixIa09iA/6UgKnabuecwbLeQDOPfbDD2mQ+kxAZyPw/MNP4jN0h4yKOIUwsurh/mr0lIkl/SjrzHEzvgmMdsRhxyG5lsnpL+QzyHYCALtjauXnMWi6cfdxFkXMbnraQHXKvNP75IP8jOwauNWQ+sxc6/F2mBtlIo4UDbBeHRq6gqJrtgsHtDvBNcqlcWmtMO8BkpoJ1S9VTjo5i902FiuI211U0lhYbO/cSykzUVi0z5K6DVRjZ7OEBFcG1lcdUMU/7M4W3Hpz2uO4BC/peGj7oFLGSo4NpXGJT+FWoVyYScIFxwYPb+rcSTvpZNBWdkpfju8C2erGRYua62cHO5bY67XT0DfJzthMhzG6RsGYmM2TmBzaMRf76QxA6wjc19gbyrQlKGveVAPtuIgqLOU1qX5z8G0ut0HPhRKr/IGE= emil@huanan\n"
            },
            "name": "node06",
            "network_acceleration_type": "standard",
            "network_interface": [
              {
                "dns_record": [],
                "index": 0,
                "ip_address": "192.168.101.16",
                "ipv4": true,
                "ipv6": false,
                "ipv6_address": "",
                "ipv6_dns_record": [],
                "mac_address": "d0:0d:10:02:c7:36",
                "nat": true,
                "nat_dns_record": [],
                "nat_ip_address": "51.250.10.33",
                "nat_ip_version": "IPV4",
                "security_group_ids": [],
                "subnet_id": "e9b8fmqsirionqqvdjqb"
              }
            ],
            "placement_policy": [
              {
                "placement_group_id": ""
              }
            ],
            "platform_id": "standard-v1",
            "resources": [
              {
                "core_fraction": 100,
                "cores": 4,
                "gpus": 0,
                "memory": 8
              }
            ],
            "scheduling_policy": [
              {
                "preemptible": false
              }
            ],
            "secondary_disk": [],
            "service_account_id": "",
            "status": "running",
            "timeouts": null,
            "zone": "ru-central1-a"
          },
          "sensitive_attributes": [],
          "private": "eyJlMmJmYjczMC1lY2FhLTExZTYtOGY4OC0zNDM2M2JjN2M0YzAiOnsiY3JlYXRlIjozMDAwMDAwMDAwMDAsImRlbGV0ZSI6MzAwMDAwMDAwMDAwLCJ1cGRhdGUiOjMwMDAwMDAwMDAwMH0sInNjaGVtYV92ZXJzaW9uIjoiMSJ9",
          "dependencies": [
            "yandex_vpc_subnet.default"
          ]
        }
      ]
    },
    {
      "mode": "managed",
      "type": "yandex_vpc_network",
      "name": "default",
      "provider": "provider[\"registry.terraform.io/yandex-cloud/yandex\"]",
      "instances": [
        {
          "schema_version": 0,
          "attributes": {
            "created_at": "2021-11-14T11:29:09Z",
            "default_security_group_id": "",
            "description": "",
            "folder_id": "b1g7g8g6eaouqplslrpf",
            "id": "enp5skpsot1epblhi88b",
            "labels": {},
            "name": "net",
            "subnet_ids": [
              "e9b8fmqsirionqqvdjqb"
            ],
            "timeouts": null
          },
          "sensitive_attributes": [],
          "private": "eyJlMmJmYjczMC1lY2FhLTExZTYtOGY4OC0zNDM2M2JjN2M0YzAiOnsiY3JlYXRlIjo2MDAwMDAwMDAwMCwiZGVsZXRlIjo2MDAwMDAwMDAwMCwidXBkYXRlIjo2MDAwMDAwMDAwMH19"
        }
      ]
    },
    {
      "mode": "managed",
      "type": "yandex_vpc_subnet",
      "name": "default",
      "provider": "provider[\"registry.terraform.io/yandex-cloud/yandex\"]",
      "instances": [
        {
          "schema_version": 0,
          "attributes": {
            "created_at": "2021-11-14T11:29:09Z",
            "description": "",
            "dhcp_options": [],
            "folder_id": "b1g7g8g6eaouqplslrpf",
            "id": "e9b8fmqsirionqqvdjqb",
            "labels": {},
            "name": "subnet",
            "network_id": "enp5skpsot1epblhi88b",
            "route_table_id": "",
            "timeouts": null,
            "v4_cidr_blocks": [
              "192.168.101.0/24"
            ],
            "v6_cidr_blocks": [],
            "zone": "ru-central1-a"
          },
          "sensitive_attributes": [],
          "private": "eyJlMmJmYjczMC1lY2FhLTExZTYtOGY4OC0zNDM2M2JjN2M0YzAiOnsiY3JlYXRlIjoxODAwMDAwMDAwMDAsImRlbGV0ZSI6MTgwMDAwMDAwMDAwLCJ1cGRhdGUiOjE4MDAwMDAwMDAwMH19",
          "dependencies": [
            "yandex_vpc_network.default"
          ]
        }
      ]
    }
  ]
}
