{
  "version": 4,
  "terraform_version": "1.0.10",
  "serial": 8,
  "lineage": "fe043574-7636-020f-b1a6-21c5034b6b07",
  "outputs": {
    "external_ip_address_node01_yandex_cloud": {
      "value": "51.250.6.40",
      "type": "string"
    },
    "internal_ip_address_node01_yandex_cloud": {
      "value": "192.168.101.14",
      "type": "string"
    }
  },
  "resources": [
    {
      "mode": "managed",
      "type": "yandex_compute_instance",
      "name": "node01",
      "provider": "provider[\"registry.terraform.io/yandex-cloud/yandex\"]",
      "instances": [
        {
          "schema_version": 1,
          "attributes": {
            "allow_stopping_for_update": true,
            "boot_disk": [
              {
                "auto_delete": true,
                "device_name": "fhmjlf7rtltcldkae8oa",
                "disk_id": "fhmjlf7rtltcldkae8oa",
                "initialize_params": [
                  {
                    "description": "",
                    "image_id": "fd8j0dq8u40ap80iu3qc",
                    "name": "root-node01",
                    "size": 50,
                    "snapshot_id": "",
                    "type": "network-ssd"
                  }
                ],
                "mode": "READ_WRITE"
              }
            ],
            "created_at": "2021-11-11T19:20:06Z",
            "description": "",
            "folder_id": "b1g7g8g6eaouqplslrpf",
            "fqdn": "node01.netology.cloud",
            "hostname": "node01",
            "id": "fhmv3k2h1994dflks8ul",
            "labels": null,
            "metadata": {
              "ssh-keys": "centos:ssh-rsa AAAAB3NzaC1yc2EAAAADAQABAAABgQDDHNbLditzU3L2YdnsnSMnuLVyzi+z6S2ORNtvd8QLwPswFTCVCFDaxuW3EaLU07657m68JhWIKTY7XAmja9MbeixIa09iA/6UgKnabuecwbLeQDOPfbDD2mQ+kxAZyPw/MNP4jN0h4yKOIUwsurh/mr0lIkl/SjrzHEzvgmMdsRhxyG5lsnpL+QzyHYCALtjauXnMWi6cfdxFkXMbnraQHXKvNP75IP8jOwauNWQ+sxc6/F2mBtlIo4UDbBeHRq6gqJrtgsHtDvBNcqlcWmtMO8BkpoJ1S9VTjo5i902FiuI211U0lhYbO/cSykzUVi0z5K6DVRjZ7OEBFcG1lcdUMU/7M4W3Hpz2uO4BC/peGj7oFLGSo4NpXGJT+FWoVyYScIFxwYPb+rcSTvpZNBWdkpfju8C2erGRYua62cHO5bY67XT0DfJzthMhzG6RsGYmM2TmBzaMRf76QxA6wjc19gbyrQlKGveVAPtuIgqLOU1qX5z8G0ut0HPhRKr/IGE= emil@huanan\n"
            },
            "name": "node01",
            "network_acceleration_type": "standard",
            "network_interface": [
              {
                "dns_record": [],
                "index": 0,
                "ip_address": "192.168.101.14",
                "ipv4": true,
                "ipv6": false,
                "ipv6_address": "",
                "ipv6_dns_record": [],
                "mac_address": "d0:0d:1f:1d:05:10",
                "nat": true,
                "nat_dns_record": [],
                "nat_ip_address": "51.250.6.40",
                "nat_ip_version": "IPV4",
                "security_group_ids": [],
                "subnet_id": "e9biafmbddvpe9189p2m"
              }
            ],
            "placement_policy": [
              {
                "placement_group_id": ""
              }
            ],
            "platform_id": "standard-v1",
            "resources": [
              {
                "core_fraction": 100,
                "cores": 8,
                "gpus": 0,
                "memory": 8
              }
            ],
            "scheduling_policy": [
              {
                "preemptible": false
              }
            ],
            "secondary_disk": [],
            "service_account_id": "",
            "status": "running",
            "timeouts": null,
            "zone": "ru-central1-a"
          },
          "sensitive_attributes": [],
          "private": "eyJlMmJmYjczMC1lY2FhLTExZTYtOGY4OC0zNDM2M2JjN2M0YzAiOnsiY3JlYXRlIjozMDAwMDAwMDAwMDAsImRlbGV0ZSI6MzAwMDAwMDAwMDAwLCJ1cGRhdGUiOjMwMDAwMDAwMDAwMH0sInNjaGVtYV92ZXJzaW9uIjoiMSJ9",
          "dependencies": [
            "yandex_vpc_subnet.default"
          ]
        }
      ]
    },
    {
      "mode": "managed",
      "type": "yandex_compute_instance",
      "name": "node02",
      "provider": "provider[\"registry.terraform.io/yandex-cloud/yandex\"]",
      "instances": [
        {
          "schema_version": 1,
          "attributes": {
            "allow_stopping_for_update": true,
            "boot_disk": [
              {
                "auto_delete": true,
                "device_name": "fhm31aoapmcno8mje10j",
                "disk_id": "fhm31aoapmcno8mje10j",
                "initialize_params": [
                  {
                    "description": "",
                    "image_id": "fd8j0dq8u40ap80iu3qc",
                    "name": "root-node02",
                    "size": 50,
                    "snapshot_id": "",
                    "type": "network-ssd"
                  }
                ],
                "mode": "READ_WRITE"
              }
            ],
            "created_at": "2021-11-11T19:19:54Z",
            "description": "",
            "folder_id": "b1g7g8g6eaouqplslrpf",
            "fqdn": "node02.netology.cloud",
            "hostname": "node02",
            "id": "fhmaulgg1571hjoc9fgk",
            "labels": null,
            "metadata": {
              "ssh-keys": "centos:ssh-rsa AAAAB3NzaC1yc2EAAAADAQABAAABgQDDHNbLditzU3L2YdnsnSMnuLVyzi+z6S2ORNtvd8QLwPswFTCVCFDaxuW3EaLU07657m68JhWIKTY7XAmja9MbeixIa09iA/6UgKnabuecwbLeQDOPfbDD2mQ+kxAZyPw/MNP4jN0h4yKOIUwsurh/mr0lIkl/SjrzHEzvgmMdsRhxyG5lsnpL+QzyHYCALtjauXnMWi6cfdxFkXMbnraQHXKvNP75IP8jOwauNWQ+sxc6/F2mBtlIo4UDbBeHRq6gqJrtgsHtDvBNcqlcWmtMO8BkpoJ1S9VTjo5i902FiuI211U0lhYbO/cSykzUVi0z5K6DVRjZ7OEBFcG1lcdUMU/7M4W3Hpz2uO4BC/peGj7oFLGSo4NpXGJT+FWoVyYScIFxwYPb+rcSTvpZNBWdkpfju8C2erGRYua62cHO5bY67XT0DfJzthMhzG6RsGYmM2TmBzaMRf76QxA6wjc19gbyrQlKGveVAPtuIgqLOU1qX5z8G0ut0HPhRKr/IGE= emil@huanan\n"
            },
            "name": "node02",
            "network_acceleration_type": "standard",
            "network_interface": [
              {
                "dns_record": [],
                "index": 0,
                "ip_address": "192.168.101.5",
                "ipv4": true,
                "ipv6": false,
                "ipv6_address": "",
                "ipv6_dns_record": [],
                "mac_address": "d0:0d:af:56:10:09",
                "nat": true,
                "nat_dns_record": [],
                "nat_ip_address": "51.250.3.21",
                "nat_ip_version": "IPV4",
                "security_group_ids": [],
                "subnet_id": "e9biafmbddvpe9189p2m"
              }
            ],
            "placement_policy": [
              {
                "placement_group_id": ""
              }
            ],
            "platform_id": "standard-v1",
            "resources": [
              {
                "core_fraction": 100,
                "cores": 8,
                "gpus": 0,
                "memory": 8
              }
            ],
            "scheduling_policy": [
              {
                "preemptible": false
              }
            ],
            "secondary_disk": [],
            "service_account_id": "",
            "status": "running",
            "timeouts": null,
            "zone": "ru-central1-a"
          },
          "sensitive_attributes": [],
          "private": "eyJlMmJmYjczMC1lY2FhLTExZTYtOGY4OC0zNDM2M2JjN2M0YzAiOnsiY3JlYXRlIjozMDAwMDAwMDAwMDAsImRlbGV0ZSI6MzAwMDAwMDAwMDAwLCJ1cGRhdGUiOjMwMDAwMDAwMDAwMH0sInNjaGVtYV92ZXJzaW9uIjoiMSJ9",
          "dependencies": [
            "yandex_vpc_subnet.default"
          ]
        }
      ]
    },
    {
      "mode": "managed",
      "type": "yandex_vpc_network",
      "name": "default",
      "provider": "provider[\"registry.terraform.io/yandex-cloud/yandex\"]",
      "instances": [
        {
          "schema_version": 0,
          "attributes": {
            "created_at": "2021-11-11T17:51:30Z",
            "default_security_group_id": "",
            "description": "",
            "folder_id": "b1g7g8g6eaouqplslrpf",
            "id": "enprstfu4eidcmv3jaon",
            "labels": {},
            "name": "net",
            "subnet_ids": [
              "e9biafmbddvpe9189p2m"
            ],
            "timeouts": null
          },
          "sensitive_attributes": [],
          "private": "eyJlMmJmYjczMC1lY2FhLTExZTYtOGY4OC0zNDM2M2JjN2M0YzAiOnsiY3JlYXRlIjo2MDAwMDAwMDAwMCwiZGVsZXRlIjo2MDAwMDAwMDAwMCwidXBkYXRlIjo2MDAwMDAwMDAwMH19"
        }
      ]
    },
    {
      "mode": "managed",
      "type": "yandex_vpc_subnet",
      "name": "default",
      "provider": "provider[\"registry.terraform.io/yandex-cloud/yandex\"]",
      "instances": [
        {
          "schema_version": 0,
          "attributes": {
            "created_at": "2021-11-11T17:51:31Z",
            "description": "",
            "dhcp_options": [],
            "folder_id": "b1g7g8g6eaouqplslrpf",
            "id": "e9biafmbddvpe9189p2m",
            "labels": {},
            "name": "subnet",
            "network_id": "enprstfu4eidcmv3jaon",
            "route_table_id": "",
            "timeouts": null,
            "v4_cidr_blocks": [
              "192.168.101.0/24"
            ],
            "v6_cidr_blocks": [],
            "zone": "ru-central1-a"
          },
          "sensitive_attributes": [],
          "private": "eyJlMmJmYjczMC1lY2FhLTExZTYtOGY4OC0zNDM2M2JjN2M0YzAiOnsiY3JlYXRlIjoxODAwMDAwMDAwMDAsImRlbGV0ZSI6MTgwMDAwMDAwMDAwLCJ1cGRhdGUiOjE4MDAwMDAwMDAwMH19",
          "dependencies": [
            "yandex_vpc_network.default"
          ]
        }
      ]
    }
  ]
}
